
Microsoft Visual Studio Solution File, Format Version 12.00
# Visual Studio 15
VisualStudioVersion = 15.0.28307.489
MinimumVisualStudioVersion = 10.0.40219.1
Project("{FAE04EC0-301F-11D3-BF4B-00C04F79EFBC}") = "Inventor_Revisioner", "Inventor_Revisioner\Inventor_Revisioner.csproj", "{7D166EB8-6A30-42C5-9DEF-D11D2D4B0F67}"
EndProject
Global
	GlobalSection(SolutionConfigurationPlatforms) = preSolution
		Debug|Any CPU = Debug|Any CPU
		Release|Any CPU = Release|Any CPU
	EndGlobalSection
	GlobalSection(ProjectConfigurationPlatforms) = postSolution
		{7D166EB8-6A30-42C5-9DEF-D11D2D4B0F67}.Debug|Any CPU.ActiveCfg = Debug|Any CPU
		{7D166EB8-6A30-42C5-9DEF-D11D2D4B0F67}.Debug|Any CPU.Build.0 = Debug|Any CPU
		{7D166EB8-6A30-42C5-9DEF-D11D2D4B0F67}.Release|Any CPU.ActiveCfg = Release|Any CPU
		{7D166EB8-6A30-42C5-9DEF-D11D2D4B0F67}.Release|Any CPU.Build.0 = Release|Any CPU
	EndGlobalSection
	GlobalSection(SolutionProperties) = preSolution
		HideSolutionNode = FALSE
	EndGlobalSection
	GlobalSection(ExtensibilityGlobals) = postSolution
		SolutionGuid = {E3AF1A4D-7A4B-41BA-9C83-4559FB5EEC81}
	EndGlobalSection
EndGlobal
